# THIS IS AN AUTOGENERATED FILE. DO NOT EDIT THIS FILE DIRECTLY.
# yarn lockfile v1


"@babel/helper-validator-identifier@^7.14.0":
  version "7.14.0"
  resolved "https://registry.yarnpkg.com/@babel/helper-validator-identifier/-/helper-validator-identifier-7.14.0.tgz#d26cad8a47c65286b15df1547319a5d0bcf27288"
  integrity sha512-V3ts7zMSu5lfiwWDVWzRDGIN+lnCEUdaXgtVHJgLb1rGaA6jMrtB9EmE7L18foXJIE8Un/A/h6NJfGQp/e1J4A==

"@babel/parser@^7.12.0":
  version "7.14.2"
  resolved "https://registry.yarnpkg.com/@babel/parser/-/parser-7.14.2.tgz#0c1680aa44ad4605b16cbdcc5c341a61bde9c746"
  integrity sha512-IoVDIHpsgE/fu7eXBeRWt8zLbDrSvD7H1gpomOkPpBoEN8KCruCqSDdqo8dddwQQrui30KSvQBaMUOJiuFu6QQ==

"@babel/types@^7.12.0":
  version "7.14.2"
  resolved "https://registry.yarnpkg.com/@babel/types/-/types-7.14.2.tgz#4208ae003107ef8a057ea8333e56eb64d2f6a2c3"
  integrity sha512-SdjAG/3DikRHpUOjxZgnkbR11xUlyDMUFJdvnIgZEE16mqmY0BINMmc4//JMJglEmn6i7sq6p+mGrFWyZ98EEw==
  dependencies:
    "@babel/helper-validator-identifier" "^7.14.0"
    to-fast-properties "^2.0.0"

"@types/codemirror@^5.60.0":
  version "5.60.0"
  resolved "https://registry.yarnpkg.com/@types/codemirror/-/codemirror-5.60.0.tgz#bf14b728449ebd355c17054262a083639a995710"
  integrity sha512-xgzXZyCzedLRNC67/Nn8rpBtTFnAsX2C+Q/LGoH6zgcpF/LqdNHJMHEOhqT1bwUcSp6kQdOIuKzRbeW9DYhEhg==
  dependencies:
    "@types/tern" "*"

"@types/estree@*":
  version "0.0.47"
  resolved "https://registry.yarnpkg.com/@types/estree/-/estree-0.0.47.tgz#d7a51db20f0650efec24cd04994f523d93172ed4"
  integrity sha512-c5ciR06jK8u9BstrmJyO97m+klJrrhCf9u3rLu3DEAJBirxRqSCvDQoYKmxuYwQI5SZChAWu+tq9oVlGRuzPAg==

"@types/tern@*":
  version "0.23.3"
  resolved "https://registry.yarnpkg.com/@types/tern/-/tern-0.23.3.tgz#4b54538f04a88c9ff79de1f6f94f575a7f339460"
  integrity sha512-imDtS4TAoTcXk0g7u4kkWqedB3E4qpjXzCpD2LU5M5NAXHzCDsypyvXSaG7mM8DKYkCRa7tFp4tS/lp/Wo7Q3w==
  dependencies:
    "@types/estree" "*"

"@vue/compiler-core@3.0.11":
  version "3.0.11"
  resolved "https://registry.yarnpkg.com/@vue/compiler-core/-/compiler-core-3.0.11.tgz#5ef579e46d7b336b8735228758d1c2c505aae69a"
  integrity sha512-6sFj6TBac1y2cWCvYCA8YzHJEbsVkX7zdRs/3yK/n1ilvRqcn983XvpBbnN3v4mZ1UiQycTvOiajJmOgN9EVgw==
  dependencies:
    "@babel/parser" "^7.12.0"
    "@babel/types" "^7.12.0"
    "@vue/shared" "3.0.11"
    estree-walker "^2.0.1"
    source-map "^0.6.1"

"@vue/compiler-dom@3.0.11":
  version "3.0.11"
  resolved "https://registry.yarnpkg.com/@vue/compiler-dom/-/compiler-dom-3.0.11.tgz#b15fc1c909371fd671746020ba55b5dab4a730ee"
  integrity sha512-+3xB50uGeY5Fv9eMKVJs2WSRULfgwaTJsy23OIltKgMrynnIj8hTYY2UL97HCoz78aDw1VDXdrBQ4qepWjnQcw==
  dependencies:
    "@vue/compiler-core" "3.0.11"
    "@vue/shared" "3.0.11"

"@vue/reactivity@3.0.11":
  version "3.0.11"
  resolved "https://registry.yarnpkg.com/@vue/reactivity/-/reactivity-3.0.11.tgz#07b588349fd05626b17f3500cbef7d4bdb4dbd0b"
  integrity sha512-SKM3YKxtXHBPMf7yufXeBhCZ4XZDKP9/iXeQSC8bBO3ivBuzAi4aZi0bNoeE2IF2iGfP/AHEt1OU4ARj4ao/Xw==
  dependencies:
    "@vue/shared" "3.0.11"

"@vue/runtime-core@3.0.11":
  version "3.0.11"
  resolved "https://registry.yarnpkg.com/@vue/runtime-core/-/runtime-core-3.0.11.tgz#c52dfc6acf3215493623552c1c2919080c562e44"
  integrity sha512-87XPNwHfz9JkmOlayBeCCfMh9PT2NBnv795DSbi//C/RaAnc/bGZgECjmkD7oXJ526BZbgk9QZBPdFT8KMxkAg==
  dependencies:
    "@vue/reactivity" "3.0.11"
    "@vue/shared" "3.0.11"

"@vue/runtime-dom@3.0.11":
  version "3.0.11"
  resolved "https://registry.yarnpkg.com/@vue/runtime-dom/-/runtime-dom-3.0.11.tgz#7a552df21907942721feb6961c418e222a699337"
  integrity sha512-jm3FVQESY3y2hKZ2wlkcmFDDyqaPyU3p1IdAX92zTNeCH7I8zZ37PtlE1b9NlCtzV53WjB4TZAYh9yDCMIEumA==
  dependencies:
    "@vue/runtime-core" "3.0.11"
    "@vue/shared" "3.0.11"
    csstype "^2.6.8"

"@vue/shared@3.0.11":
  version "3.0.11"
  resolved "https://registry.yarnpkg.com/@vue/shared/-/shared-3.0.11.tgz#20d22dd0da7d358bb21c17f9bde8628152642c77"
  integrity sha512-b+zB8A2so8eCE0JsxjL24J7vdGl8rzPQ09hZNhystm+KqSbKcAej1A+Hbva1rCMmTTqA+hFnUSDc5kouEo0JzA==

codemirror@^5.61.0:
  version "5.61.0"
  resolved "https://registry.yarnpkg.com/codemirror/-/codemirror-5.61.0.tgz#318e5b034a707207948b92ffc2862195e8fdb08e"
  integrity sha512-D3wYH90tYY1BsKlUe0oNj2JAhQ9TepkD51auk3N7q+4uz7A/cgJ5JsWHreT0PqieW1QhOuqxQ2reCXV1YXzecg==

csstype@^2.6.8:
  version "2.6.17"
  resolved "https://registry.yarnpkg.com/csstype/-/csstype-2.6.17.tgz#4cf30eb87e1d1a005d8b6510f95292413f6a1c0e"
  integrity sha512-u1wmTI1jJGzCJzWndZo8mk4wnPTZd1eOIYTYvuEyOQGfmDl3TrabCCfKnOC86FZwW/9djqTl933UF/cS425i9A==

estree-walker@^2.0.1:
  version "2.0.2"
  resolved "https://registry.yarnpkg.com/estree-walker/-/estree-walker-2.0.2.tgz#52f010178c2a4c117a7757cfe942adb7d2da4cac"
  integrity sha512-Rfkk/Mp/DL7JVje3u18FxFujQlTNR2q6QfMSMB7AvCBx91NGj/ba3kCfza0f6dVDbw7YlRf/nDrn7pQrCCyQ/w==

lodash-es@^4.17.21:
  version "4.17.21"
  resolved "https://registry.yarnpkg.com/lodash-es/-/lodash-es-4.17.21.tgz#43e626c46e6591b7750beb2b50117390c609e3ee"
  integrity sha512-mKnC+QJ9pWVzv+C4/U3rRsHapFfHvQFoFB92e52xeyGMcX6/OlIl78je1u8vePzYZSkkogMPJ2yjxxsb89cxyw==

native-event-bus@^1.0.0, native-event-bus@^1.0.1:
  version "1.0.1"
  resolved "https://registry.yarnpkg.com/native-event-bus/-/native-event-bus-1.0.1.tgz#671f40e89fbd98d1cbc377526bd8522aadb8d134"
  integrity sha512-WL1yhue0mgRCOic+0hZX/vgffMMagBP8p4w3hlWHIemFvi54lvnkSurIUKfyB/XLV1EPNSJ8lZOOw/UP1gN/rw==

resize-observer-polyfill@^1.5.1:
  version "1.5.1"
  resolved "https://registry.yarnpkg.com/resize-observer-polyfill/-/resize-observer-polyfill-1.5.1.tgz#0e9020dd3d21024458d4ebd27e23e40269810464"
  integrity sha512-LwZrotdHOo12nQuZlHEmtuXdqGoOD0OhaxopaNFxWzInpEgaLWoVuAMbTzixuosCx2nEG58ngzW3vxdWoxIgdg==

source-map@^0.6.1:
  version "0.6.1"
  resolved "https://registry.yarnpkg.com/source-map/-/source-map-0.6.1.tgz#74722af32e9614e9c287a8d0bbde48b5e2f1a263"
  integrity sha512-UjgapumWlbMhkBgzT7Ykc5YXUT46F0iKu8SGXq0bcwP5dz/h0Plj6enJqjz1Zbq2l5WaqYnrVbwWOWMyF3F47g==

theme-helper@^0.0.2:
  version "0.0.2"
  resolved "https://registry.yarnpkg.com/theme-helper/-/theme-helper-0.0.2.tgz#0e5b59533e47de2b15f37ecd8176a7959b4a5828"
  integrity sha512-uS+KYWodU11yMG5CVVW4XiPpPLsQeAUdmYS4pDY8Y5jYkXLo1TBTP5mcWtiiUdsNWrPAj66IeFz/QpMEvJclQg==
  dependencies:
    native-event-bus "^1.0.0"

to-fast-properties@^2.0.0:
  version "2.0.0"
  resolved "https://registry.yarnpkg.com/to-fast-properties/-/to-fast-properties-2.0.0.tgz#dc5e698cbd079265bc73e0377681a4e4e83f616e"
  integrity sha1-3F5pjL0HkmW8c+A3doGk5Og/YW4=

tslib@^2.1.0, tslib@^2.2.0:
  version "2.2.0"
  resolved "https://registry.yarnpkg.com/tslib/-/tslib-2.2.0.tgz#fb2c475977e35e241311ede2693cee1ec6698f5c"
  integrity sha512-gS9GVHRU+RGn5KQM2rllAlR3dU6m7AcpJKdtH8gFvQiC4Otgk98XnmMU+nZenHt/+VhnBPWwgrJsyrdcw6i23w==

typescript@^4.2.4:
  version "4.2.4"
  resolved "https://registry.yarnpkg.com/typescript/-/typescript-4.2.4.tgz#8610b59747de028fda898a8aef0e103f156d0961"
  integrity sha512-V+evlYHZnQkaz8TRBuxTA92yZBPotr5H+WhQ7bD3hZUndx5tGOa1fuCgeSjxAzM1RiN5IzvadIXTVefuuwZCRg==

vue3-component-base@^0.0.6:
  version "0.0.6"
  resolved "https://registry.yarnpkg.com/vue3-component-base/-/vue3-component-base-0.0.6.tgz#dbe39d3c6312717a2acd10d356fa24c05dd60fdb"
  integrity sha512-ijZdTF4Y0qouHcvXUccZAgRHiygLbv7WpT4SXWH/zKcXLPZ98jna44BhQBmF7undrX2SolenhppMtYMNuiVEZQ==
  dependencies:
    lodash-es "^4.17.21"
    tslib "^2.1.0"
    vue "^3.0.9"

vue@^3.0.9:
  version "3.0.11"
  resolved "https://registry.yarnpkg.com/vue/-/vue-3.0.11.tgz#c82f9594cbf4dcc869241d4c8dd3e08d9a8f4b5f"
  integrity sha512-3/eUi4InQz8MPzruHYSTQPxtM3LdZ1/S/BvaU021zBnZi0laRUyH6pfuE4wtUeLvI8wmUNwj5wrZFvbHUXL9dw==
  dependencies:
    "@vue/compiler-dom" "3.0.11"
    "@vue/runtime-dom" "3.0.11"
    "@vue/shared" "3.0.11"
